github.com/fxamacker/cbor/v2 v2.9.3 h1:oQBnFATpNdY8gJHTndDDv5Xl4QqNaz51G5LLEPhng3Q=
github.com/fxamacker/cbor/v2 v2.9.3/go.mod h1:vM4b+DJCtHn+zz7h3FFp/hDAI9WNWCsZj23V5ytsSxQ=
github.com/kitsunium/sdk/framework v0.14.0 h1:ltV13ud+BEStejPwNaozo2F1Cubmeo47HD3YCbw5jq8=
github.com/kitsunium/sdk/framework v0.14.0/go.mod h1:R03oUPmPo291RRb4QsZ01Izl6sskJ4uNgQixpqu4at8=
github.com/kitsunium/sdk/internal/core v0.14.0 h1:3zVeMxGQRF5rpNOfiuL4kSNnKzJ53UVb2mTplhVpvyA=
github.com/kitsunium/sdk/internal/core v0.14.0/go.mod h1:NhC3vWnZ1ydK5iU0DpclPueHO9yeNZDHmLpjfS0Qx/k=
github.com/kitsunium/sdk/internal/kernel v0.14.0 h1:RAT3pOrN7zOU4LfTAt5JJc37YpuiJ/GToZqZa8ca0Cw=
github.com/kitsunium/sdk/internal/kernel v0.14.0/go.mod h1:g7rsnZJ6o3ko3V1bSzHvQlWusqiPD+VqltQv3Gd7qm8=
github.com/kitsunium/sdk/internal/service v0.14.0 h1:HdYA/W5Qa8qcGFenhUxGa+4gf0TSW6ooROO8gEbUr28=
github.com/kitsunium/sdk/internal/service v0.14.0/go.mod h1:S4ZoEnVTXNb+msFDc+GJKhH4oyjIceMMN6EZMlJURwo=
github.com/kitsunium/sdk/pkg v0.14.0 h1:o8NGC34BSychPG+2HcKALguf465ukUVYgb8he80RQlE=
github.com/kitsunium/sdk/pkg v0.14.0/go.mod h1:VEngESlId7VDJtZamTo73b9Cw+4EFxZ4pdKES/8yTIU=
github.com/pelletier/go-toml/v2 v2.4.3 h1:GTRvJQutkOSftxIFD5xw9aepkYNuPWmVJpffdDPYVpY=
github.com/pelletier/go-toml/v2 v2.4.3/go.mod h1:2gIqNv+qfxSVS7cM2xJQKtLSTLUE9V8t9Stt+h56mCY=
github.com/vmihailenco/msgpack/v5 v5.4.1 h1:cQriyiUvjTwOHg8QZaPihLWeRAAVoCpE00IUPn0Bjt8=
github.com/vmihailenco/msgpack/v5 v5.4.1/go.mod h1:GaZTsDaehaPpQVyxrf5mtQlH+pc21PIudVV/E3rRQok=
github.com/vmihailenco/tagparser/v2 v2.0.0 h1:y09buUbR+b5aycVFQs/g70pqKVZNBmxwAhO7/IwNM9g=
github.com/vmihailenco/tagparser/v2 v2.0.0/go.mod h1:Wri+At7QHww0WTrCBeu4J6bNtoV6mEfg5OIWRZA9qds=
github.com/x448/float16 v0.8.4 h1:qLwI1I70+NjRFUR3zs1JPUCgaCXSh3SW62uAKT1mSBM=
github.com/x448/float16 v0.8.4/go.mod h1:14CWIYCyZA/cWjXOioeEpHeN/83MdbZDRQHoFcYsOfg=
go.mongodb.org/mongo-driver v1.17.9 h1:IexDdCuuNJ3BHrELgBlyaH9p60JXAvdzWR128q+U5tU=
go.mongodb.org/mongo-driver v1.17.9/go.mod h1:LlOhpH5NUEfhxcAwG0UEkMqwYcc4JU18gtCdGudk/tQ=
golang.org/x/mod v0.41.0 h1:qJmnOUb4YB+FsEuM3HcWucdZASCPGhsX6uljO6pog0c=
golang.org/x/mod v0.41.0/go.mod h1:Ek9pY8RKWXwsWvd3rQiHYtMqkjSUV+s1Rj7j4H5Ur6o=
gopkg.in/yaml.v3 v3.0.1 h1:fxVm/GzAzEWqLHuvctI91KS9hhNmmWOoWu0XTYJS7CA=
gopkg.in/yaml.v3 v3.0.1/go.mod h1:K4uyk7z7BCEPqu6E+C64Yfv1cQ7kz7rIZviUmN+EgEM=
pgregory.net/rapid v1.2.0 h1:keKAYRcjm+e1F0oAuU5F5+YPAWcyxNNRK2wud503Gnk=
pgregory.net/rapid v1.2.0/go.mod h1:PY5XlDGj0+V1FCq0o192FdRhpKHGTRIWBgqjDBTrq04=
